
Microsoft Visual Studio Solution File, Format Version 12.00
# Visual Studio 2012
Project("{D954291E-2A0B-460D-934E-DC6B0785DB48}") = "Genone", "Genone\Genone.shproj", "{6FCC64E1-7947-41E9-89EE-EB9F38DF0C61}"
EndProject
Project("{FAE04EC0-301F-11D3-BF4B-00C04F79EFBC}") = "Genone.iOS", "iOS\Genone.iOS.csproj", "{1905C78E-4A04-4D12-9A83-C580E993750D}"
EndProject
Project("{FAE04EC0-301F-11D3-BF4B-00C04F79EFBC}") = "Genone.Droid", "Droid\Genone.Droid.csproj", "{73E2655B-D29C-47D2-A42F-E49C8A551C52}"
EndProject
Project("{2150E333-8FDC-42A3-9474-1A3956D46DE8}") = "Backend", "Backend", "{C7087A13-66C8-4D43-8C3F-9AA32F0EF19D}"
EndProject
Project("{2150E333-8FDC-42A3-9474-1A3956D46DE8}") = "Frontend", "Frontend", "{2A691F0E-9E68-4EB8-BFE6-552D16981210}"
EndProject
Project("{FAE04EC0-301F-11D3-BF4B-00C04F79EFBC}") = "Fwit.Genone.MobileServices", "Fwit.Genone.MobileServices\Fwit.Genone.MobileServices.csproj", "{79F1436E-3136-4209-8530-F2C5EEDF5D62}"
EndProject
Project("{FAE04EC0-301F-11D3-BF4B-00C04F79EFBC}") = "Fwit.Genone.Domain", "Fwit.Genone.MobileServices\Fwit.Genone.Domain\Fwit.Genone.Domain.csproj", "{25609938-7F37-48E4-AC39-8228A26ED8C6}"
EndProject
Project("{FAE04EC0-301F-11D3-BF4B-00C04F79EFBC}") = "Fwit.Genone.Infrastructure", "Fwit.Genone.MobileServices\Fwit.Genone.Infrastructure\Fwit.Genone.Infrastructure.csproj", "{BE946613-D432-4FB7-8F94-FC0B213B3E23}"
EndProject
Project("{FAE04EC0-301F-11D3-BF4B-00C04F79EFBC}") = "Fwit.Genone.ApplicationService", "Fwit.Genone.MobileServices\Fwit.Genone.ApplicationService\Fwit.Genone.ApplicationService.csproj", "{27957DC1-85FA-4C95-8E2E-58A09D456E76}"
EndProject
Global
	GlobalSection(SolutionConfigurationPlatforms) = preSolution
		Debug|iPhoneSimulator = Debug|iPhoneSimulator
		Release|iPhone = Release|iPhone
		Release|iPhoneSimulator = Release|iPhoneSimulator
		Debug|iPhone = Debug|iPhone
		Debug|Any CPU = Debug|Any CPU
		Release|Any CPU = Release|Any CPU
	EndGlobalSection
	GlobalSection(ProjectConfigurationPlatforms) = postSolution
		{1905C78E-4A04-4D12-9A83-C580E993750D}.Debug|iPhoneSimulator.ActiveCfg = Debug|iPhoneSimulator
		{1905C78E-4A04-4D12-9A83-C580E993750D}.Debug|iPhoneSimulator.Build.0 = Debug|iPhoneSimulator
		{1905C78E-4A04-4D12-9A83-C580E993750D}.Release|iPhone.ActiveCfg = Release|iPhone
		{1905C78E-4A04-4D12-9A83-C580E993750D}.Release|iPhone.Build.0 = Release|iPhone
		{1905C78E-4A04-4D12-9A83-C580E993750D}.Release|iPhoneSimulator.ActiveCfg = Release|iPhoneSimulator
		{1905C78E-4A04-4D12-9A83-C580E993750D}.Release|iPhoneSimulator.Build.0 = Release|iPhoneSimulator
		{1905C78E-4A04-4D12-9A83-C580E993750D}.Debug|iPhone.ActiveCfg = Debug|iPhone
		{1905C78E-4A04-4D12-9A83-C580E993750D}.Debug|iPhone.Build.0 = Debug|iPhone
		{1905C78E-4A04-4D12-9A83-C580E993750D}.Debug|Any CPU.ActiveCfg = Debug|iPhoneSimulator
		{1905C78E-4A04-4D12-9A83-C580E993750D}.Debug|Any CPU.Build.0 = Debug|iPhoneSimulator
		{1905C78E-4A04-4D12-9A83-C580E993750D}.Release|Any CPU.ActiveCfg = Release|iPhone
		{1905C78E-4A04-4D12-9A83-C580E993750D}.Release|Any CPU.Build.0 = Release|iPhone
		{73E2655B-D29C-47D2-A42F-E49C8A551C52}.Debug|iPhoneSimulator.ActiveCfg = Debug|Any CPU
		{73E2655B-D29C-47D2-A42F-E49C8A551C52}.Debug|iPhoneSimulator.Build.0 = Debug|Any CPU
		{73E2655B-D29C-47D2-A42F-E49C8A551C52}.Release|iPhone.ActiveCfg = Release|Any CPU
		{73E2655B-D29C-47D2-A42F-E49C8A551C52}.Release|iPhone.Build.0 = Release|Any CPU
		{73E2655B-D29C-47D2-A42F-E49C8A551C52}.Release|iPhoneSimulator.ActiveCfg = Release|Any CPU
		{73E2655B-D29C-47D2-A42F-E49C8A551C52}.Release|iPhoneSimulator.Build.0 = Release|Any CPU
		{73E2655B-D29C-47D2-A42F-E49C8A551C52}.Debug|iPhone.ActiveCfg = Debug|Any CPU
		{73E2655B-D29C-47D2-A42F-E49C8A551C52}.Debug|iPhone.Build.0 = Debug|Any CPU
		{73E2655B-D29C-47D2-A42F-E49C8A551C52}.Debug|Any CPU.ActiveCfg = Debug|Any CPU
		{73E2655B-D29C-47D2-A42F-E49C8A551C52}.Debug|Any CPU.Build.0 = Debug|Any CPU
		{73E2655B-D29C-47D2-A42F-E49C8A551C52}.Release|Any CPU.ActiveCfg = Release|Any CPU
		{73E2655B-D29C-47D2-A42F-E49C8A551C52}.Release|Any CPU.Build.0 = Release|Any CPU
		{79F1436E-3136-4209-8530-F2C5EEDF5D62}.Debug|iPhoneSimulator.ActiveCfg = Debug|Any CPU
		{79F1436E-3136-4209-8530-F2C5EEDF5D62}.Debug|iPhoneSimulator.Build.0 = Debug|Any CPU
		{79F1436E-3136-4209-8530-F2C5EEDF5D62}.Release|iPhone.ActiveCfg = Release|Any CPU
		{79F1436E-3136-4209-8530-F2C5EEDF5D62}.Release|iPhone.Build.0 = Release|Any CPU
		{79F1436E-3136-4209-8530-F2C5EEDF5D62}.Release|iPhoneSimulator.ActiveCfg = Release|Any CPU
		{79F1436E-3136-4209-8530-F2C5EEDF5D62}.Release|iPhoneSimulator.Build.0 = Release|Any CPU
		{79F1436E-3136-4209-8530-F2C5EEDF5D62}.Debug|iPhone.ActiveCfg = Debug|Any CPU
		{79F1436E-3136-4209-8530-F2C5EEDF5D62}.Debug|iPhone.Build.0 = Debug|Any CPU
		{79F1436E-3136-4209-8530-F2C5EEDF5D62}.Debug|Any CPU.ActiveCfg = Debug|Any CPU
		{79F1436E-3136-4209-8530-F2C5EEDF5D62}.Debug|Any CPU.Build.0 = Debug|Any CPU
		{79F1436E-3136-4209-8530-F2C5EEDF5D62}.Release|Any CPU.ActiveCfg = Release|Any CPU
		{79F1436E-3136-4209-8530-F2C5EEDF5D62}.Release|Any CPU.Build.0 = Release|Any CPU
		{25609938-7F37-48E4-AC39-8228A26ED8C6}.Debug|iPhoneSimulator.ActiveCfg = Debug|Any CPU
		{25609938-7F37-48E4-AC39-8228A26ED8C6}.Debug|iPhoneSimulator.Build.0 = Debug|Any CPU
		{25609938-7F37-48E4-AC39-8228A26ED8C6}.Release|iPhone.ActiveCfg = Release|Any CPU
		{25609938-7F37-48E4-AC39-8228A26ED8C6}.Release|iPhone.Build.0 = Release|Any CPU
		{25609938-7F37-48E4-AC39-8228A26ED8C6}.Release|iPhoneSimulator.ActiveCfg = Release|Any CPU
		{25609938-7F37-48E4-AC39-8228A26ED8C6}.Release|iPhoneSimulator.Build.0 = Release|Any CPU
		{25609938-7F37-48E4-AC39-8228A26ED8C6}.Debug|iPhone.ActiveCfg = Debug|Any CPU
		{25609938-7F37-48E4-AC39-8228A26ED8C6}.Debug|iPhone.Build.0 = Debug|Any CPU
		{25609938-7F37-48E4-AC39-8228A26ED8C6}.Debug|Any CPU.ActiveCfg = Debug|Any CPU
		{25609938-7F37-48E4-AC39-8228A26ED8C6}.Debug|Any CPU.Build.0 = Debug|Any CPU
		{25609938-7F37-48E4-AC39-8228A26ED8C6}.Release|Any CPU.ActiveCfg = Release|Any CPU
		{25609938-7F37-48E4-AC39-8228A26ED8C6}.Release|Any CPU.Build.0 = Release|Any CPU
		{BE946613-D432-4FB7-8F94-FC0B213B3E23}.Debug|iPhoneSimulator.ActiveCfg = Debug|Any CPU
		{BE946613-D432-4FB7-8F94-FC0B213B3E23}.Debug|iPhoneSimulator.Build.0 = Debug|Any CPU
		{BE946613-D432-4FB7-8F94-FC0B213B3E23}.Release|iPhone.ActiveCfg = Release|Any CPU
		{BE946613-D432-4FB7-8F94-FC0B213B3E23}.Release|iPhone.Build.0 = Release|Any CPU
		{BE946613-D432-4FB7-8F94-FC0B213B3E23}.Release|iPhoneSimulator.ActiveCfg = Release|Any CPU
		{BE946613-D432-4FB7-8F94-FC0B213B3E23}.Release|iPhoneSimulator.Build.0 = Release|Any CPU
		{BE946613-D432-4FB7-8F94-FC0B213B3E23}.Debug|iPhone.ActiveCfg = Debug|Any CPU
		{BE946613-D432-4FB7-8F94-FC0B213B3E23}.Debug|iPhone.Build.0 = Debug|Any CPU
		{BE946613-D432-4FB7-8F94-FC0B213B3E23}.Debug|Any CPU.ActiveCfg = Debug|Any CPU
		{BE946613-D432-4FB7-8F94-FC0B213B3E23}.Debug|Any CPU.Build.0 = Debug|Any CPU
		{BE946613-D432-4FB7-8F94-FC0B213B3E23}.Release|Any CPU.ActiveCfg = Release|Any CPU
		{BE946613-D432-4FB7-8F94-FC0B213B3E23}.Release|Any CPU.Build.0 = Release|Any CPU
		{27957DC1-85FA-4C95-8E2E-58A09D456E76}.Debug|iPhoneSimulator.ActiveCfg = Debug|Any CPU
		{27957DC1-85FA-4C95-8E2E-58A09D456E76}.Debug|iPhoneSimulator.Build.0 = Debug|Any CPU
		{27957DC1-85FA-4C95-8E2E-58A09D456E76}.Release|iPhone.ActiveCfg = Release|Any CPU
		{27957DC1-85FA-4C95-8E2E-58A09D456E76}.Release|iPhone.Build.0 = Release|Any CPU
		{27957DC1-85FA-4C95-8E2E-58A09D456E76}.Release|iPhoneSimulator.ActiveCfg = Release|Any CPU
		{27957DC1-85FA-4C95-8E2E-58A09D456E76}.Release|iPhoneSimulator.Build.0 = Release|Any CPU
		{27957DC1-85FA-4C95-8E2E-58A09D456E76}.Debug|iPhone.ActiveCfg = Debug|Any CPU
		{27957DC1-85FA-4C95-8E2E-58A09D456E76}.Debug|iPhone.Build.0 = Debug|Any CPU
		{27957DC1-85FA-4C95-8E2E-58A09D456E76}.Debug|Any CPU.ActiveCfg = Debug|Any CPU
		{27957DC1-85FA-4C95-8E2E-58A09D456E76}.Debug|Any CPU.Build.0 = Debug|Any CPU
		{27957DC1-85FA-4C95-8E2E-58A09D456E76}.Release|Any CPU.ActiveCfg = Release|Any CPU
		{27957DC1-85FA-4C95-8E2E-58A09D456E76}.Release|Any CPU.Build.0 = Release|Any CPU
	EndGlobalSection
	GlobalSection(NestedProjects) = preSolution
		{6FCC64E1-7947-41E9-89EE-EB9F38DF0C61} = {2A691F0E-9E68-4EB8-BFE6-552D16981210}
		{73E2655B-D29C-47D2-A42F-E49C8A551C52} = {2A691F0E-9E68-4EB8-BFE6-552D16981210}
		{1905C78E-4A04-4D12-9A83-C580E993750D} = {2A691F0E-9E68-4EB8-BFE6-552D16981210}
		{79F1436E-3136-4209-8530-F2C5EEDF5D62} = {C7087A13-66C8-4D43-8C3F-9AA32F0EF19D}
		{25609938-7F37-48E4-AC39-8228A26ED8C6} = {C7087A13-66C8-4D43-8C3F-9AA32F0EF19D}
		{BE946613-D432-4FB7-8F94-FC0B213B3E23} = {C7087A13-66C8-4D43-8C3F-9AA32F0EF19D}
		{27957DC1-85FA-4C95-8E2E-58A09D456E76} = {C7087A13-66C8-4D43-8C3F-9AA32F0EF19D}
	EndGlobalSection
EndGlobal
